
Microsoft Visual Studio Solution File, Format Version 12.00
# Visual Studio Version 17
VisualStudioVersion = 17.0.32112.339
MinimumVisualStudioVersion = 10.0.40219.1
Project("{9A19103F-16F7-4668-BE54-9A1E7A4F7556}") = "WalletService", "WalletService\WalletService.csproj", "{35934312-4E05-4187-B80D-D72489243E91}"
EndProject
Project("{9A19103F-16F7-4668-BE54-9A1E7A4F7556}") = "Domain", "Domain\Domain.csproj", "{4AE69A6E-4997-4E1A-81C7-667900E4CFAB}"
EndProject
Project("{9A19103F-16F7-4668-BE54-9A1E7A4F7556}") = "PostgresInfrastructure", "PostgresInfrastructure\PostgresInfrastructure.csproj", "{84C7F142-DE27-4A72-B665-1F99D220C5AE}"
EndProject
Project("{2150E333-8FDC-42A3-9474-1A3956D46DE8}") = "InstructionFile", "InstructionFile", "{DAD17260-C81D-4223-9955-7C414352FCEB}"
	ProjectSection(SolutionItems) = preProject
		Instruction.txt = Instruction.txt
	EndProjectSection
EndProject
Global
	GlobalSection(SolutionConfigurationPlatforms) = preSolution
		Debug|Any CPU = Debug|Any CPU
		Release|Any CPU = Release|Any CPU
	EndGlobalSection
	GlobalSection(ProjectConfigurationPlatforms) = postSolution
		{35934312-4E05-4187-B80D-D72489243E91}.Debug|Any CPU.ActiveCfg = Debug|Any CPU
		{35934312-4E05-4187-B80D-D72489243E91}.Debug|Any CPU.Build.0 = Debug|Any CPU
		{35934312-4E05-4187-B80D-D72489243E91}.Release|Any CPU.ActiveCfg = Release|Any CPU
		{35934312-4E05-4187-B80D-D72489243E91}.Release|Any CPU.Build.0 = Release|Any CPU
		{4AE69A6E-4997-4E1A-81C7-667900E4CFAB}.Debug|Any CPU.ActiveCfg = Debug|Any CPU
		{4AE69A6E-4997-4E1A-81C7-667900E4CFAB}.Debug|Any CPU.Build.0 = Debug|Any CPU
		{4AE69A6E-4997-4E1A-81C7-667900E4CFAB}.Release|Any CPU.ActiveCfg = Release|Any CPU
		{4AE69A6E-4997-4E1A-81C7-667900E4CFAB}.Release|Any CPU.Build.0 = Release|Any CPU
		{84C7F142-DE27-4A72-B665-1F99D220C5AE}.Debug|Any CPU.ActiveCfg = Debug|Any CPU
		{84C7F142-DE27-4A72-B665-1F99D220C5AE}.Debug|Any CPU.Build.0 = Debug|Any CPU
		{84C7F142-DE27-4A72-B665-1F99D220C5AE}.Release|Any CPU.ActiveCfg = Release|Any CPU
		{84C7F142-DE27-4A72-B665-1F99D220C5AE}.Release|Any CPU.Build.0 = Release|Any CPU
	EndGlobalSection
	GlobalSection(SolutionProperties) = preSolution
		HideSolutionNode = FALSE
	EndGlobalSection
	GlobalSection(ExtensibilityGlobals) = postSolution
		SolutionGuid = {3FB9BD33-B758-497F-BEAF-9D503C9422B4}
	EndGlobalSection
EndGlobal
